
Microsoft Visual Studio Solution File, Format Version 12.00
# Visual Studio Version 16
VisualStudioVersion = 16.0.31613.86
MinimumVisualStudioVersion = 10.0.40219.1
Project("{FAE04EC0-301F-11D3-BF4B-00C04F79EFBC}") = "TestTaskNeoStk", "TestTaskNeoStk\TestTaskNeoStk.csproj", "{7D409D2C-DBAE-4F97-AC63-DE707233AA4E}"
EndProject
Global
	GlobalSection(SolutionConfigurationPlatforms) = preSolution
		Debug|Any CPU = Debug|Any CPU
		Release|Any CPU = Release|Any CPU
	EndGlobalSection
	GlobalSection(ProjectConfigurationPlatforms) = postSolution
		{7D409D2C-DBAE-4F97-AC63-DE707233AA4E}.Debug|Any CPU.ActiveCfg = Debug|Any CPU
		{7D409D2C-DBAE-4F97-AC63-DE707233AA4E}.Debug|Any CPU.Build.0 = Debug|Any CPU
		{7D409D2C-DBAE-4F97-AC63-DE707233AA4E}.Release|Any CPU.ActiveCfg = Release|Any CPU
		{7D409D2C-DBAE-4F97-AC63-DE707233AA4E}.Release|Any CPU.Build.0 = Release|Any CPU
	EndGlobalSection
	GlobalSection(SolutionProperties) = preSolution
		HideSolutionNode = FALSE
	EndGlobalSection
	GlobalSection(ExtensibilityGlobals) = postSolution
		SolutionGuid = {F006CE40-6F57-4DB4-BB06-C2BE729481EA}
	EndGlobalSection
EndGlobal
